
Microsoft Visual Studio Solution File, Format Version 12.00
# Visual Studio Version 16
VisualStudioVersion = 16.0.30128.74
MinimumVisualStudioVersion = 10.0.40219.1
Project("{FAE04EC0-301F-11D3-BF4B-00C04F79EFBC}") = "AngularDotNetProject", "AngularDotNetProject\AngularDotNetProject.csproj", "{651B3B7F-3FE9-4B2D-88B2-727FE8C3E7E9}"
EndProject
Global
	GlobalSection(SolutionConfigurationPlatforms) = preSolution
		Debug|Any CPU = Debug|Any CPU
		Release|Any CPU = Release|Any CPU
	EndGlobalSection
	GlobalSection(ProjectConfigurationPlatforms) = postSolution
		{651B3B7F-3FE9-4B2D-88B2-727FE8C3E7E9}.Debug|Any CPU.ActiveCfg = Debug|Any CPU
		{651B3B7F-3FE9-4B2D-88B2-727FE8C3E7E9}.Debug|Any CPU.Build.0 = Debug|Any CPU
		{651B3B7F-3FE9-4B2D-88B2-727FE8C3E7E9}.Release|Any CPU.ActiveCfg = Release|Any CPU
		{651B3B7F-3FE9-4B2D-88B2-727FE8C3E7E9}.Release|Any CPU.Build.0 = Release|Any CPU
	EndGlobalSection
	GlobalSection(SolutionProperties) = preSolution
		HideSolutionNode = FALSE
	EndGlobalSection
	GlobalSection(ExtensibilityGlobals) = postSolution
		SolutionGuid = {52BC58CD-59D3-47A6-9E59-C914834CEA96}
	EndGlobalSection
EndGlobal
